Microsoft Visual Studio Solution File, Format Version 11.00
# Visual Studio 2008

Project("{0FE16F08-022E-BAF5-BCAD-D70B8B1348F4}") = "3D Cave Generation", "Assembly-CSharp.csproj", "{778447B8-C76A-42F2-F590-87C4F92DE661}"
EndProject
Global
	GlobalSection(SolutionConfigurationPlatforms) = preSolution
		Debug|Any CPU = Debug|Any CPU
		Release|Any CPU = Release|Any CPU
	EndGlobalSection
	GlobalSection(ProjectConfigurationPlatforms) = postSolution
		{778447B8-C76A-42F2-F590-87C4F92DE661}.Debug|Any CPU.ActiveCfg = Debug|Any CPU
		{778447B8-C76A-42F2-F590-87C4F92DE661}.Debug|Any CPU.Build.0 = Debug|Any CPU
		{778447B8-C76A-42F2-F590-87C4F92DE661}.Release|Any CPU.ActiveCfg = Release|Any CPU
		{778447B8-C76A-42F2-F590-87C4F92DE661}.Release|Any CPU.Build.0 = Release|Any CPU
	EndGlobalSection
	GlobalSection(SolutionProperties) = preSolution
		HideSolutionNode = FALSE
	EndGlobalSection
	GlobalSection(MonoDevelopProperties) = preSolution
		StartupItem = Assembly-CSharp.csproj
	EndGlobalSection
EndGlobal
